
Microsoft Visual Studio Solution File, Format Version 12.00
# Visual Studio Version 16
VisualStudioVersion = 16.0.31624.102
MinimumVisualStudioVersion = 10.0.40219.1
Project("{FAE04EC0-301F-11D3-BF4B-00C04F79EFBC}") = "WBCorreios", "WBCorreios\WBCorreios.csproj", "{F8385240-1869-4124-9C9B-E9DAEEEB6BA0}"
EndProject
Global
	GlobalSection(SolutionConfigurationPlatforms) = preSolution
		Debug|Any CPU = Debug|Any CPU
		Release|Any CPU = Release|Any CPU
	EndGlobalSection
	GlobalSection(ProjectConfigurationPlatforms) = postSolution
		{F8385240-1869-4124-9C9B-E9DAEEEB6BA0}.Debug|Any CPU.ActiveCfg = Debug|Any CPU
		{F8385240-1869-4124-9C9B-E9DAEEEB6BA0}.Debug|Any CPU.Build.0 = Debug|Any CPU
		{F8385240-1869-4124-9C9B-E9DAEEEB6BA0}.Release|Any CPU.ActiveCfg = Release|Any CPU
		{F8385240-1869-4124-9C9B-E9DAEEEB6BA0}.Release|Any CPU.Build.0 = Release|Any CPU
	EndGlobalSection
	GlobalSection(SolutionProperties) = preSolution
		HideSolutionNode = FALSE
	EndGlobalSection
	GlobalSection(ExtensibilityGlobals) = postSolution
		SolutionGuid = {843DE753-013D-4FB8-9C8C-7423702B7391}
	EndGlobalSection
EndGlobal
